
Microsoft Visual Studio Solution File, Format Version 12.00
# Visual Studio 14
VisualStudioVersion = 14.0.25420.1
MinimumVisualStudioVersion = 10.0.40219.1
Project("{FAE04EC0-301F-11D3-BF4B-00C04F79EFBC}") = "QueueImplementation", "QueueImplementation\QueueImplementation.csproj", "{BEE97DE9-88F8-4504-85A7-1F9DF1AF16D6}"
EndProject
Project("{FAE04EC0-301F-11D3-BF4B-00C04F79EFBC}") = "QueueUnitTestProject", "QueueUnitTestProject\QueueUnitTestProject.csproj", "{5C3DC05F-4841-4DD0-91AF-F02F115CDB58}"
EndProject
Global
	GlobalSection(SolutionConfigurationPlatforms) = preSolution
		Debug|Any CPU = Debug|Any CPU
		Release|Any CPU = Release|Any CPU
	EndGlobalSection
	GlobalSection(ProjectConfigurationPlatforms) = postSolution
		{BEE97DE9-88F8-4504-85A7-1F9DF1AF16D6}.Debug|Any CPU.ActiveCfg = Debug|Any CPU
		{BEE97DE9-88F8-4504-85A7-1F9DF1AF16D6}.Debug|Any CPU.Build.0 = Debug|Any CPU
		{BEE97DE9-88F8-4504-85A7-1F9DF1AF16D6}.Release|Any CPU.ActiveCfg = Release|Any CPU
		{BEE97DE9-88F8-4504-85A7-1F9DF1AF16D6}.Release|Any CPU.Build.0 = Release|Any CPU
		{5C3DC05F-4841-4DD0-91AF-F02F115CDB58}.Debug|Any CPU.ActiveCfg = Debug|Any CPU
		{5C3DC05F-4841-4DD0-91AF-F02F115CDB58}.Debug|Any CPU.Build.0 = Debug|Any CPU
		{5C3DC05F-4841-4DD0-91AF-F02F115CDB58}.Release|Any CPU.ActiveCfg = Release|Any CPU
		{5C3DC05F-4841-4DD0-91AF-F02F115CDB58}.Release|Any CPU.Build.0 = Release|Any CPU
	EndGlobalSection
	GlobalSection(SolutionProperties) = preSolution
		HideSolutionNode = FALSE
	EndGlobalSection
EndGlobal
